// !$*UTF8*$!
{
	archiveVersion = 1;
	classes = {
	};
	objectVersion = 45;
	objects = {

/* Begin PBXBuildFile section */
		1D60589B0D05DD56006BFB54 /* main.m in Sources */ = {isa = PBXBuildFile; fileRef = 29B97316FDCFA39411CA2CEA /* main.m */; };
		1D60589F0D05DD5A006BFB54 /* Foundation.framework in Frameworks */ = {isa = PBXBuildFile; fileRef = 1D30AB110D05D00D00671497 /* Foundation.framework */; };
		1DF5F4E00D08C38300B7A737 /* UIKit.framework in Frameworks */ = {isa = PBXBuildFile; fileRef = 1DF5F4DF0D08C38300B7A737 /* UIKit.framework */; };
		2892E4100DC94CBA00A64D0F /* CoreGraphics.framework in Frameworks */ = {isa = PBXBuildFile; fileRef = 2892E40F0DC94CBA00A64D0F /* CoreGraphics.framework */; };
		C4F0A1BC10C708A7005C2552 /* MobileCoreServices.framework in Frameworks */ = {isa = PBXBuildFile; fileRef = C4F0A1BB10C708A7005C2552 /* MobileCoreServices.framework */; };
		C4F0A1C510C708D9005C2552 /* RootViewController.m in Sources */ = {isa = PBXBuildFile; fileRef = C4F0A1C410C708D9005C2552 /* RootViewController.m */; };
		C4F0A1CD10C708F2005C2552 /* Bob_ICON.png in Resources */ = {isa = PBXBuildFile; fileRef = C4F0A1C610C708F2005C2552 /* Bob_ICON.png */; };
		C4F0A1CE10C708F2005C2552 /* Background.png in Resources */ = {isa = PBXBuildFile; fileRef = C4F0A1C710C708F2005C2552 /* Background.png */; };
		C4F0A1CF10C708F2005C2552 /* BottomBar.png in Resources */ = {isa = PBXBuildFile; fileRef = C4F0A1C810C708F2005C2552 /* BottomBar.png */; };
		C4F0A1D010C708F2005C2552 /* Default.png in Resources */ = {isa = PBXBuildFile; fileRef = C4F0A1C910C708F2005C2552 /* Default.png */; };
		C4F0A1D110C708F2005C2552 /* Shutter.png in Resources */ = {isa = PBXBuildFile; fileRef = C4F0A1CA10C708F2005C2552 /* Shutter.png */; };
		C4F0A1D210C708F2005C2552 /* Target.png in Resources */ = {isa = PBXBuildFile; fileRef = C4F0A1CB10C708F2005C2552 /* Target.png */; };
		C4F0A1D310C708F2005C2552 /* MainWindow.xib in Resources */ = {isa = PBXBuildFile; fileRef = C4F0A1CC10C708F2005C2552 /* MainWindow.xib */; };
		C4F0A1F810C70951005C2552 /* QuartzCore.framework in Frameworks */ = {isa = PBXBuildFile; fileRef = C4F0A1F710C70951005C2552 /* QuartzCore.framework */; };
		C4F0A24610C70AAA005C2552 /* TouchView.m in Sources */ = {isa = PBXBuildFile; fileRef = C4F0A1C010C708BA005C2552 /* TouchView.m */; };
		C4F0A24710C70AAA005C2552 /* AppDelegate.m in Sources */ = {isa = PBXBuildFile; fileRef = C4F0A1C210C708BA005C2552 /* AppDelegate.m */; };
/* End PBXBuildFile section */

/* Begin PBXFileReference section */
		1D30AB110D05D00D00671497 /* Foundation.framework */ = {isa = PBXFileReference; lastKnownFileType = wrapper.framework; name = Foundation.framework; path = System/Library/Frameworks/Foundation.framework; sourceTree = SDKROOT; };
		1D6058910D05DD3D006BFB54 /* CameraDemo.app */ = {isa = PBXFileReference; explicitFileType = wrapper.application; includeInIndex = 0; path = CameraDemo.app; sourceTree = BUILT_PRODUCTS_DIR; };
		1DF5F4DF0D08C38300B7A737 /* UIKit.framework */ = {isa = PBXFileReference; lastKnownFileType = wrapper.framework; name = UIKit.framework; path = System/Library/Frameworks/UIKit.framework; sourceTree = SDKROOT; };
		2892E40F0DC94CBA00A64D0F /* CoreGraphics.framework */ = {isa = PBXFileReference; lastKnownFileType = wrapper.framework; name = CoreGraphics.framework; path = System/Library/Frameworks/CoreGraphics.framework; sourceTree = SDKROOT; };
		28A0AAE50D9B0CCF005BE974 /* CameraDemo_Prefix.pch */ = {isa = PBXFileReference; fileEncoding = 4; lastKnownFileType = sourcecode.c.h; path = CameraDemo_Prefix.pch; sourceTree = "<group>"; };
		29B97316FDCFA39411CA2CEA /* main.m */ = {isa = PBXFileReference; fileEncoding = 4; lastKnownFileType = sourcecode.c.objc; path = main.m; sourceTree = "<group>"; };
		8D1107310486CEB800E47090 /* CameraDemo-Info.plist */ = {isa = PBXFileReference; fileEncoding = 4; lastKnownFileType = text.plist.xml; path = "CameraDemo-Info.plist"; plistStructureDefinitionIdentifier = "com.apple.xcode.plist.structure-definition.iphone.info-plist"; sourceTree = "<group>"; };
		C4F0A1BB10C708A7005C2552 /* MobileCoreServices.framework */ = {isa = PBXFileReference; lastKnownFileType = wrapper.framework; name = MobileCoreServices.framework; path = System/Library/Frameworks/MobileCoreServices.framework; sourceTree = SDKROOT; };
		C4F0A1BF10C708BA005C2552 /* TouchView.h */ = {isa = PBXFileReference; lastKnownFileType = sourcecode.c.h; path = TouchView.h; sourceTree = "<group>"; };
		C4F0A1C010C708BA005C2552 /* TouchView.m */ = {isa = PBXFileReference; lastKnownFileType = sourcecode.c.objc; path = TouchView.m; sourceTree = "<group>"; };
		C4F0A1C110C708BA005C2552 /* AppDelegate.h */ = {isa = PBXFileReference; lastKnownFileType = sourcecode.c.h; path = AppDelegate.h; sourceTree = "<group>"; };
		C4F0A1C210C708BA005C2552 /* AppDelegate.m */ = {isa = PBXFileReference; lastKnownFileType = sourcecode.c.objc; path = AppDelegate.m; sourceTree = "<group>"; };
		C4F0A1C310C708D9005C2552 /* RootViewController.h */ = {isa = PBXFileReference; fileEncoding = 4; lastKnownFileType = sourcecode.c.h; path = RootViewController.h; sourceTree = "<group>"; };
		C4F0A1C410C708D9005C2552 /* RootViewController.m */ = {isa = PBXFileReference; fileEncoding = 4; lastKnownFileType = sourcecode.c.objc; path = RootViewController.m; sourceTree = "<group>"; };
		C4F0A1C610C708F2005C2552 /* Bob_ICON.png */ = {isa = PBXFileReference; lastKnownFileType = image.png; path = Bob_ICON.png; sourceTree = "<group>"; };
		C4F0A1C710C708F2005C2552 /* Background.png */ = {isa = PBXFileReference; lastKnownFileType = image.png; path = Background.png; sourceTree = "<group>"; };
		C4F0A1C810C708F2005C2552 /* BottomBar.png */ = {isa = PBXFileReference; lastKnownFileType = image.png; path = BottomBar.png; sourceTree = "<group>"; };
		C4F0A1C910C708F2005C2552 /* Default.png */ = {isa = PBXFileReference; lastKnownFileType = image.png; path = Default.png; sourceTree = "<group>"; };
		C4F0A1CA10C708F2005C2552 /* Shutter.png */ = {isa = PBXFileReference; lastKnownFileType = image.png; path = Shutter.png; sourceTree = "<group>"; };
		C4F0A1CB10C708F2005C2552 /* Target.png */ = {isa = PBXFileReference; lastKnownFileType = image.png; path = Target.png; sourceTree = "<group>"; };
		C4F0A1CC10C708F2005C2552 /* MainWindow.xib */ = {isa = PBXFileReference; lastKnownFileType = file.xib; path = MainWindow.xib; sourceTree = "<group>"; };
		C4F0A1F710C70951005C2552 /* QuartzCore.framework */ = {isa = PBXFileReference; lastKnownFileType = wrapper.framework; name = QuartzCore.framework; path = System/Library/Frameworks/QuartzCore.framework; sourceTree = SDKROOT; };
/* End PBXFileReference section */

/* Begin PBXFrameworksBuildPhase section */
		1D60588F0D05DD3D006BFB54 /* Frameworks */ = {
			isa = PBXFrameworksBuildPhase;
			buildActionMask = 2147483647;
			files = (
				1D60589F0D05DD5A006BFB54 /* Foundation.framework in Frameworks */,
				1DF5F4E00D08C38300B7A737 /* UIKit.framework in Frameworks */,
				2892E4100DC94CBA00A64D0F /* CoreGraphics.framework in Frameworks */,
				C4F0A1BC10C708A7005C2552 /* MobileCoreServices.framework in Frameworks */,
				C4F0A1F810C70951005C2552 /* QuartzCore.framework in Frameworks */,
			);
			runOnlyForDeploymentPostprocessing = 0;
		};
/* End PBXFrameworksBuildPhase section */

/* Begin PBXGroup section */
		080E96DDFE201D6D7F000001 /* Classes */ = {
			isa = PBXGroup;
			children = (
				C4F0A1BF10C708BA005C2552 /* TouchView.h */,
				C4F0A1C010C708BA005C2552 /* TouchView.m */,
				C4F0A1C310C708D9005C2552 /* RootViewController.h */,
				C4F0A1C410C708D9005C2552 /* RootViewController.m */,
				C4F0A1C110C708BA005C2552 /* AppDelegate.h */,
				C4F0A1C210C708BA005C2552 /* AppDelegate.m */,
			);
			path = Classes;
			sourceTree = "<group>";
		};
		19C28FACFE9D520D11CA2CBB /* Products */ = {
			isa = PBXGroup;
			children = (
				1D6058910D05DD3D006BFB54 /* CameraDemo.app */,
			);
			name = Products;
			sourceTree = "<group>";
		};
		29B97314FDCFA39411CA2CEA /* CustomTemplate */ = {
			isa = PBXGroup;
			children = (
				080E96DDFE201D6D7F000001 /* Classes */,
				29B97315FDCFA39411CA2CEA /* Other Sources */,
				29B97317FDCFA39411CA2CEA /* Resources */,
				29B97323FDCFA39411CA2CEA /* Frameworks */,
				19C28FACFE9D520D11CA2CBB /* Products */,
			);
			name = CustomTemplate;
			sourceTree = "<group>";
		};
		29B97315FDCFA39411CA2CEA /* Other Sources */ = {
			isa = PBXGroup;
			children = (
				28A0AAE50D9B0CCF005BE974 /* CameraDemo_Prefix.pch */,
				29B97316FDCFA39411CA2CEA /* main.m */,
			);
			name = "Other Sources";
			sourceTree = "<group>";
		};
		29B97317FDCFA39411CA2CEA /* Resources */ = {
			isa = PBXGroup;
			children = (
				C4F0A1C610C708F2005C2552 /* Bob_ICON.png */,
				C4F0A1C710C708F2005C2552 /* Background.png */,
				C4F0A1C810C708F2005C2552 /* BottomBar.png */,
				C4F0A1C910C708F2005C2552 /* Default.png */,
				C4F0A1CA10C708F2005C2552 /* Shutter.png */,
				C4F0A1CB10C708F2005C2552 /* Target.png */,
				C4F0A1CC10C708F2005C2552 /* MainWindow.xib */,
				8D1107310486CEB800E47090 /* CameraDemo-Info.plist */,
			);
			name = Resources;
			sourceTree = "<group>";
		};
		29B97323FDCFA39411CA2CEA /* Frameworks */ = {
			isa = PBXGroup;
			children = (
				1DF5F4DF0D08C38300B7A737 /* UIKit.framework */,
				1D30AB110D05D00D00671497 /* Foundation.framework */,
				2892E40F0DC94CBA00A64D0F /* CoreGraphics.framework */,
				C4F0A1BB10C708A7005C2552 /* MobileCoreServices.framework */,
				C4F0A1F710C70951005C2552 /* QuartzCore.framework */,
			);
			name = Frameworks;
			sourceTree = "<group>";
		};
/* End PBXGroup section */

/* Begin PBXNativeTarget section */
		1D6058900D05DD3D006BFB54 /* CameraDemo */ = {
			isa = PBXNativeTarget;
			buildConfigurationList = 1D6058960D05DD3E006BFB54 /* Build configuration list for PBXNativeTarget "CameraDemo" */;
			buildPhases = (
				1D60588D0D05DD3D006BFB54 /* Resources */,
				1D60588E0D05DD3D006BFB54 /* Sources */,
				1D60588F0D05DD3D006BFB54 /* Frameworks */,
			);
			buildRules = (
			);
			dependencies = (
			);
			name = CameraDemo;
			productName = CameraDemo;
			productReference = 1D6058910D05DD3D006BFB54 /* CameraDemo.app */;
			productType = "com.apple.product-type.application";
		};
/* End PBXNativeTarget section */

/* Begin PBXProject section */
		29B97313FDCFA39411CA2CEA /* Project object */ = {
			isa = PBXProject;
			attributes = {
			};
			buildConfigurationList = C01FCF4E08A954540054247B /* Build configuration list for PBXProject "CameraDemo" */;
			compatibilityVersion = "Xcode 3.1";
			developmentRegion = English;
			hasScannedForEncodings = 1;
			knownRegions = (
				English,
				Japanese,
				French,
				German,
				en,
			);
			mainGroup = 29B97314FDCFA39411CA2CEA /* CustomTemplate */;
			projectDirPath = "";
			projectRoot = "";
			targets = (
				1D6058900D05DD3D006BFB54 /* CameraDemo */,
			);
		};
/* End PBXProject section */

/* Begin PBXResourcesBuildPhase section */
		1D60588D0D05DD3D006BFB54 /* Resources */ = {
			isa = PBXResourcesBuildPhase;
			buildActionMask = 2147483647;
			files = (
				C4F0A1CD10C708F2005C2552 /* Bob_ICON.png in Resources */,
				C4F0A1CE10C708F2005C2552 /* Background.png in Resources */,
				C4F0A1CF10C708F2005C2552 /* BottomBar.png in Resources */,
				C4F0A1D010C708F2005C2552 /* Default.png in Resources */,
				C4F0A1D110C708F2005C2552 /* Shutter.png in Resources */,
				C4F0A1D210C708F2005C2552 /* Target.png in Resources */,
				C4F0A1D310C708F2005C2552 /* MainWindow.xib in Resources */,
			);
			runOnlyForDeploymentPostprocessing = 0;
		};
/* End PBXResourcesBuildPhase section */

/* Begin PBXSourcesBuildPhase section */
		1D60588E0D05DD3D006BFB54 /* Sources */ = {
			isa = PBXSourcesBuildPhase;
			buildActionMask = 2147483647;
			files = (
				C4F0A24610C70AAA005C2552 /* TouchView.m in Sources */,
				C4F0A24710C70AAA005C2552 /* AppDelegate.m in Sources */,
				1D60589B0D05DD56006BFB54 /* main.m in Sources */,
				C4F0A1C510C708D9005C2552 /* RootViewController.m in Sources */,
			);
			runOnlyForDeploymentPostprocessing = 0;
		};
/* End PBXSourcesBuildPhase section */

/* Begin XCBuildConfiguration section */
		1D6058940D05DD3E006BFB54 /* Debug */ = {
			isa = XCBuildConfiguration;
			buildSettings = {
				ALWAYS_SEARCH_USER_PATHS = NO;
				CODE_SIGN_IDENTITY = "iPhone Developer: iosdev nltd (79SVMQT8C2)";
				"CODE_SIGN_IDENTITY[sdk=iphoneos*]" = "iPhone Developer: iosdev nltd (79SVMQT8C2)";
				COPY_PHASE_STRIP = NO;
				GCC_DYNAMIC_NO_PIC = NO;
				GCC_OPTIMIZATION_LEVEL = 0;
				GCC_PRECOMPILE_PREFIX_HEADER = YES;
				GCC_PREFIX_HEADER = CameraDemo_Prefix.pch;
				INFOPLIST_FILE = "CameraDemo-Info.plist";
				PRODUCT_NAME = CameraDemo;
				PROVISIONING_PROFILE = "";
				"PROVISIONING_PROFILE[sdk=iphoneos*]" = "";
			};
			name = Debug;
		};
		1D6058950D05DD3E006BFB54 /* Release */ = {
			isa = XCBuildConfiguration;
			buildSettings = {
				ALWAYS_SEARCH_USER_PATHS = NO;
				CODE_SIGN_IDENTITY = "iPhone Developer: iosdev nltd (79SVMQT8C2)";
				"CODE_SIGN_IDENTITY[sdk=iphoneos*]" = "iPhone Developer";
				COPY_PHASE_STRIP = YES;
				GCC_PRECOMPILE_PREFIX_HEADER = YES;
				GCC_PREFIX_HEADER = CameraDemo_Prefix.pch;
				INFOPLIST_FILE = "CameraDemo-Info.plist";
				PRODUCT_NAME = CameraDemo;
				PROVISIONING_PROFILE = "";
				"PROVISIONING_PROFILE[sdk=iphoneos*]" = "";
			};
			name = Release;
		};
		C01FCF4F08A954540054247B /* Debug */ = {
			isa = XCBuildConfiguration;
			buildSettings = {
				ARCHS = "$(ARCHS_STANDARD_32_BIT)";
				"CODE_SIGN_IDENTITY[sdk=iphoneos*]" = "Don't Code Sign";
				GCC_C_LANGUAGE_STANDARD = c99;
				GCC_WARN_ABOUT_RETURN_TYPE = YES;
				GCC_WARN_UNUSED_VARIABLE = YES;
				PREBINDING = NO;
				"PROVISIONING_PROFILE[sdk=iphoneos*]" = "";
				SDKROOT = iphoneos3.1.2;
			};
			name = Debug;
		};
		C01FCF5008A954540054247B /* Release */ = {
			isa = XCBuildConfiguration;
			buildSettings = {
				ARCHS = "$(ARCHS_STANDARD_32_BIT)";
				"CODE_SIGN_IDENTITY[sdk=iphoneos*]" = "iPhone Developer";
				GCC_C_LANGUAGE_STANDARD = c99;
				GCC_WARN_ABOUT_RETURN_TYPE = YES;
				GCC_WARN_UNUSED_VARIABLE = YES;
				PREBINDING = NO;
				SDKROOT = iphoneos3.1.2;
			};
			name = Release;
		};
/* End XCBuildConfiguration section */

/* Begin XCConfigurationList section */
		1D6058960D05DD3E006BFB54 /* Build configuration list for PBXNativeTarget "CameraDemo" */ = {
			isa = XCConfigurationList;
			buildConfigurations = (
				1D6058940D05DD3E006BFB54 /* Debug */,
				1D6058950D05DD3E006BFB54 /* Release */,
			);
			defaultConfigurationIsVisible = 0;
			defaultConfigurationName = Release;
		};
		C01FCF4E08A954540054247B /* Build configuration list for PBXProject "CameraDemo" */ = {
			isa = XCConfigurationList;
			buildConfigurations = (
				C01FCF4F08A954540054247B /* Debug */,
				C01FCF5008A954540054247B /* Release */,
			);
			defaultConfigurationIsVisible = 0;
			defaultConfigurationName = Release;
		};
/* End XCConfigurationList section */
	};
	rootObject = 29B97313FDCFA39411CA2CEA /* Project object */;
}
